
Microsoft Visual Studio Solution File, Format Version 12.00
# Visual Studio Version 17
VisualStudioVersion = 17.5.002.0
MinimumVisualStudioVersion = 10.0.40219.1
Project("{9A19103F-16F7-4668-BE54-9A1E7A4F7556}") = "Calculadora139", "Calculadora139.csproj", "{0419BCC6-77A8-4266-A00D-8DB8E080816D}"
EndProject
Global
	GlobalSection(SolutionConfigurationPlatforms) = preSolution
		Debug|Any CPU = Debug|Any CPU
		Release|Any CPU = Release|Any CPU
	EndGlobalSection
	GlobalSection(ProjectConfigurationPlatforms) = postSolution
		{0419BCC6-77A8-4266-A00D-8DB8E080816D}.Debug|Any CPU.ActiveCfg = Debug|Any CPU
		{0419BCC6-77A8-4266-A00D-8DB8E080816D}.Debug|Any CPU.Build.0 = Debug|Any CPU
		{0419BCC6-77A8-4266-A00D-8DB8E080816D}.Release|Any CPU.ActiveCfg = Release|Any CPU
		{0419BCC6-77A8-4266-A00D-8DB8E080816D}.Release|Any CPU.Build.0 = Release|Any CPU
	EndGlobalSection
	GlobalSection(SolutionProperties) = preSolution
		HideSolutionNode = FALSE
	EndGlobalSection
	GlobalSection(ExtensibilityGlobals) = postSolution
		SolutionGuid = {F0539F8F-C332-482A-BCDC-1221C671B0D2}
	EndGlobalSection
EndGlobal
